{
  "version": 4,
  "terraform_version": "1.5.7",
  "serial": 64,
  "lineage": "40dcae4c-4be9-b1ff-49b3-924587ddecf2",
  "outputs": {
    "app_url": {
      "value": "load-balancer-dev-1028222371.eu-west-2.elb.amazonaws.com",
      "type": "string"
    }
  },
  "resources": [
    {
      "mode": "data",
      "type": "aws_iam_policy_document",
      "name": "assume_role_policy",
      "provider": "provider[\"registry.terraform.io/hashicorp/aws\"]",
      "instances": [
        {
          "schema_version": 0,
          "attributes": {
            "id": "320642683",
            "json": "{\n  \"Version\": \"2012-10-17\",\n  \"Statement\": [\n    {\n      \"Sid\": \"\",\n      \"Effect\": \"Allow\",\n      \"Action\": \"sts:AssumeRole\",\n      \"Principal\": {\n        \"Service\": \"ecs-tasks.amazonaws.com\"\n      }\n    }\n  ]\n}",
            "override_json": null,
            "override_policy_documents": null,
            "policy_id": null,
            "source_json": null,
            "source_policy_documents": null,
            "statement": [
              {
                "actions": [
                  "sts:AssumeRole"
                ],
                "condition": [],
                "effect": "Allow",
                "not_actions": [],
                "not_principals": [],
                "not_resources": [],
                "principals": [
                  {
                    "identifiers": [
                      "ecs-tasks.amazonaws.com"
                    ],
                    "type": "Service"
                  }
                ],
                "resources": [],
                "sid": ""
              }
            ],
            "version": "2012-10-17"
          },
          "sensitive_attributes": []
        }
      ]
    },
    {
      "mode": "managed",
      "type": "aws_acm_certificate",
      "name": "my-certificate",
      "provider": "provider[\"registry.terraform.io/hashicorp/aws\"]",
      "instances": [
        {
          "schema_version": 0,
          "attributes": {
            "arn": "arn:aws:acm:eu-west-2:108302758118:certificate/0e7b4f75-c8df-4281-98d7-9438b339f27e",
            "certificate_authority_arn": "",
            "certificate_body": "-----BEGIN CERTIFICATE-----\nMIIDGTCCAgGgAwIBAgIUa11FadpdJ1AZd6gS5Bw3GmtQp1swDQYJKoZIhvcNAQEL\nBQAwHDEaMBgGA1UEAwwRbG9jYWwuZXhhbXBsZS5jb20wHhcNMjUwODA3MTQ1NDA1\nWhcNMjYwODA3MTQ1NDA1WjAcMRowGAYDVQQDDBFsb2NhbC5leGFtcGxlLmNvbTCC\nASIwDQYJKoZIhvcNAQEBBQADggEPADCCAQoCggEBAOY5YKBkylFFZrZxgk9IIjC2\naXFjm1btIXo+xh3mQW2ETn6Z8GkjBGSYqabj0nMS5vo5wTNN69X4wo5quckaUENX\njeICARI+D6taxE/AtsrOw2Qp0ne+8ll9tscbmYXueUY/H9b0X95rdsgrRy3lTipQ\ntsf93jQhViqFILpptJ+5Wvwy1P49ZooT7HPpBmFLj/jL1JSfbZqx+fdCGgRzpiLA\nDGneCT90sG1dPbg/5W4T0ggWT7r9MnW9Qa59snGK+yTSqhv+R9kpf4DSkNjZsULW\noexAAxTgO5BOVogM7Ult/d6NflHSdZeEB8VFrcm+ZeeXihyToxJ2S8I2DY72Mw8C\nAwEAAaNTMFEwHQYDVR0OBBYEFOlHX/JiLOkfdpK+AR6blZgVTsfwMB8GA1UdIwQY\nMBaAFOlHX/JiLOkfdpK+AR6blZgVTsfwMA8GA1UdEwEB/wQFMAMBAf8wDQYJKoZI\nhvcNAQELBQADggEBAGB6xRZ9OMr/FIuZq5+NJReyBCpq65xpsXyZwokFDl03SGHJ\n0Cc16lQX+Task0g04K602Ol91dunMJXb4AsWlq5tl/KSwhZrlEEflbF3E6pJhWBV\nC8cMnqSwvPQmPU6IQ7x2HzDBuHSc5s70zRlPNcg0bc1Qqs0ohNfmcoA1w1OcnOHA\nLuZYIoE7oLHRC404w9wd89ZUHqca/CwTnoF9Z89TraYLgdIZAMxiwrNrRjos5f8J\nE2JBMblmQLtCmlZ6M+gq4CCtxdwyF+//BGS6OJcMa5pFy4Y1CApOuxQrgcyO+GZX\naqonrm8T7ElYlALyaEsuwps6rvCmHxr1uxpOn2M=\n-----END CERTIFICATE-----\n",
            "certificate_chain": null,
            "domain_name": "local.example.com",
            "domain_validation_options": [],
            "early_renewal_duration": "",
            "id": "arn:aws:acm:eu-west-2:108302758118:certificate/0e7b4f75-c8df-4281-98d7-9438b339f27e",
            "key_algorithm": "RSA_2048",
            "not_after": "2026-08-07T14:54:05Z",
            "not_before": "2025-08-07T14:54:05Z",
            "options": [
              {
                "certificate_transparency_logging_preference": "DISABLED"
              }
            ],
            "pending_renewal": false,
            "private_key": "-----BEGIN PRIVATE KEY-----\nMIIEvQIBADANBgkqhkiG9w0BAQEFAASCBKcwggSjAgEAAoIBAQDmOWCgZMpRRWa2\ncYJPSCIwtmlxY5tW7SF6PsYd5kFthE5+mfBpIwRkmKmm49JzEub6OcEzTevV+MKO\narnJGlBDV43iAgESPg+rWsRPwLbKzsNkKdJ3vvJZfbbHG5mF7nlGPx/W9F/ea3bI\nK0ct5U4qULbH/d40IVYqhSC6abSfuVr8MtT+PWaKE+xz6QZhS4/4y9SUn22asfn3\nQhoEc6YiwAxp3gk/dLBtXT24P+VuE9IIFk+6/TJ1vUGufbJxivsk0qob/kfZKX+A\n0pDY2bFC1qHsQAMU4DuQTlaIDO1Jbf3ejX5R0nWXhAfFRa3JvmXnl4ock6MSdkvC\nNg2O9jMPAgMBAAECggEAGS26RyBuzg+giaCFZ2VUs+4nPwrtQMcDa8q0wS1fB3q6\nWPc+B0mYn+XgXAu7hvFQyJoLarCBc+/WW1wJwJg7ofnP3yFn+5ZFAXEWWkCR3UFa\ntjgquATunWH13PXERxULN2cM9OXaHEm1fnPZP4g+EbutGddGd34T3eecajbIVdVr\nJ0ms+gWd7sP3ToxLGt394pTJqhvsR5rtquIsXG9wu1yMmM6YjEbPqlrbm1BArwEa\n+U+EzjTxy0J+qZa5yE84ecmP1yA+1XPgvHZMq7ZSEBllgBpq0xKCtkI8D5WoWCE7\n7Je+T9GgqAQS6vd8Z0HoG5a5ujZnv2w7yaeQ3XQFGQKBgQDzJdJkmEdnilCyI2+M\nFmCsEb/LJyU86Kf5sFHzYut4iJSYhzuvHHg4vwsB1eSgeqNmMzdlzJrioDUrbeeH\nVfj6yE97ICa3MavOkdFjHV3iFWdyb5UoXYudGEkTOFl6n/WztL4FVQd4nXJt2VMx\npUAAiBljXHygmAWHgPlZ9grtRwKBgQDyZK2vXCKt7RqtgB371OfmHUbahHCoZjR1\nZi2XxyGFq0Sd244tY1pVUMKi0FepfAcTSuo7W31nKvAdZIWL/PqR6C56BJuCPEeO\nPY/4NdmAnw0Drix9sTFyGVZYsbxYCvArz2xThLKKe0ipOZAt3EyO27Qt96SAy/uJ\nYTV33D/P+QKBgD40+/nul74evfyFYmGFzB/Zvqb8EePeZjNUb/MD6NiCoPnRB20K\nrJtgDTHgBkkkdy+LhO3PhgTbFh9RU/3k+fk3TFZk6GLQG3OTDO39smpILZoygAe+\nvxxm/TMkpIfh6tuaL09v7KRoK8F863L1I0W/jDdGj0ALBMchMSpZ73u7AoGADHA0\nJXKB6RDotIyFfV3AhKNt9lqjeVC9UmTq5AX452YRgFQ66INXqFcblcVBKlZN+qR2\nfpNETR378lYtMDDMHt6eO+6umDFFrrvj/mWtApem0FCIwe5sziEUuDpuosn05xqe\nwW5mxwpqgRyOFHxghVgq180EaQOOpc8SMlNgBukCgYEA5Y6r76P/EogzYeV2wPWT\n6BoBjG17nJSdRfrzp5NlKWbLgJi6UL6d+/dkcr0aCqaZLNaEXaA1z5Go2V+Zn9ci\nOqbArwshE6q9z8bxOAuHhkhlkfw3sX6NcFI5xwGDr9kTe+TvkzyN8v481ACcSNum\nbpG/2787NRLP4XWGIgpSL7o=\n-----END PRIVATE KEY-----\n",
            "renewal_eligibility": "INELIGIBLE",
            "renewal_summary": [],
            "status": "ISSUED",
            "subject_alternative_names": [
              "local.example.com"
            ],
            "tags": {
              "Name": "group-1 TLS certificate"
            },
            "tags_all": {
              "Name": "group-1 TLS certificate"
            },
            "type": "IMPORTED",
            "validation_emails": [],
            "validation_method": "NONE",
            "validation_option": []
          },
          "sensitive_attributes": [],
          "private": "bnVsbA==",
          "create_before_destroy": true
        }
      ]
    },
    {
      "mode": "managed",
      "type": "aws_alb",
      "name": "application_load_balancer",
      "provider": "provider[\"registry.terraform.io/hashicorp/aws\"]",
      "instances": [
        {
          "schema_version": 0,
          "attributes": {
            "access_logs": [
              {
                "bucket": "",
                "enabled": false,
                "prefix": ""
              }
            ],
            "arn": "arn:aws:elasticloadbalancing:eu-west-2:108302758118:loadbalancer/app/load-balancer-dev/e27607d2ac9cad65",
            "arn_suffix": "app/load-balancer-dev/e27607d2ac9cad65",
            "customer_owned_ipv4_pool": "",
            "desync_mitigation_mode": "defensive",
            "dns_name": "load-balancer-dev-1028222371.eu-west-2.elb.amazonaws.com",
            "drop_invalid_header_fields": false,
            "enable_cross_zone_load_balancing": true,
            "enable_deletion_protection": false,
            "enable_http2": true,
            "enable_waf_fail_open": false,
            "id": "arn:aws:elasticloadbalancing:eu-west-2:108302758118:loadbalancer/app/load-balancer-dev/e27607d2ac9cad65",
            "idle_timeout": 60,
            "internal": false,
            "ip_address_type": "ipv4",
            "load_balancer_type": "application",
            "name": "load-balancer-dev",
            "name_prefix": null,
            "preserve_host_header": false,
            "security_groups": [
              "sg-0b72d87fa8c836b28"
            ],
            "subnet_mapping": [
              {
                "allocation_id": "",
                "ipv6_address": "",
                "outpost_id": "",
                "private_ipv4_address": "",
                "subnet_id": "subnet-0230a6d673efb9289"
              },
              {
                "allocation_id": "",
                "ipv6_address": "",
                "outpost_id": "",
                "private_ipv4_address": "",
                "subnet_id": "subnet-0c4e1e766c3682670"
              }
            ],
            "subnets": [
              "subnet-0230a6d673efb9289",
              "subnet-0c4e1e766c3682670"
            ],
            "tags": {},
            "tags_all": {},
            "timeouts": null,
            "vpc_id": "vpc-0667af4bde3c7f997",
            "zone_id": "ZHURV8PSTC4K8"
          },
          "sensitive_attributes": [],
          "private": "eyJlMmJmYjczMC1lY2FhLTExZTYtOGY4OC0zNDM2M2JjN2M0YzAiOnsiY3JlYXRlIjo2MDAwMDAwMDAwMDAsImRlbGV0ZSI6NjAwMDAwMDAwMDAwLCJ1cGRhdGUiOjYwMDAwMDAwMDAwMH19",
          "dependencies": [
            "aws_default_subnet.default_subnet_a",
            "aws_default_subnet.default_subnet_b",
            "aws_security_group.load_balancer_security_group"
          ]
        }
      ]
    },
    {
      "mode": "managed",
      "type": "aws_appautoscaling_policy",
      "name": "cpu_scaling_policy",
      "provider": "provider[\"registry.terraform.io/hashicorp/aws\"]",
      "instances": [
        {
          "schema_version": 0,
          "attributes": {
            "alarm_arns": [
              "arn:aws:cloudwatch:eu-west-2:108302758118:alarm:TargetTracking-service/app-cluster/app-first-service-AlarmHigh-c0a9cb65-1628-4b26-b683-0a6e9fa06961",
              "arn:aws:cloudwatch:eu-west-2:108302758118:alarm:TargetTracking-service/app-cluster/app-first-service-AlarmLow-df65a580-b285-41f9-8ecc-0b0d43554262"
            ],
            "arn": "arn:aws:autoscaling:eu-west-2:108302758118:scalingPolicy:6ae78300-4dd7-43a9-9c06-6f7f34a17d32:resource/ecs/service/app-cluster/app-first-service:policyName/cpu-scaling-policy",
            "id": "cpu-scaling-policy",
            "name": "cpu-scaling-policy",
            "policy_type": "TargetTrackingScaling",
            "resource_id": "service/app-cluster/app-first-service",
            "scalable_dimension": "ecs:service:DesiredCount",
            "service_namespace": "ecs",
            "step_scaling_policy_configuration": [],
            "target_tracking_scaling_policy_configuration": [
              {
                "customized_metric_specification": [],
                "disable_scale_in": false,
                "predefined_metric_specification": [
                  {
                    "predefined_metric_type": "ECSServiceAverageCPUUtilization",
                    "resource_label": ""
                  }
                ],
                "scale_in_cooldown": 100,
                "scale_out_cooldown": 100,
                "target_value": 60
              }
            ]
          },
          "sensitive_attributes": [],
          "private": "bnVsbA==",
          "dependencies": [
            "aws_appautoscaling_target.ecs_target",
            "aws_default_subnet.default_subnet_a",
            "aws_default_subnet.default_subnet_b",
            "aws_ecr_repository.app_ecr_repo",
            "aws_ecs_cluster.my_cluster",
            "aws_ecs_service.app_service",
            "aws_ecs_task_definition.app_task",
            "aws_iam_role.ecsTaskExecutionRole",
            "aws_lb_target_group.target_group",
            "aws_security_group.ecs_service_security_group",
            "data.aws_iam_policy_document.assume_role_policy"
          ]
        }
      ]
    },
    {
      "mode": "managed",
      "type": "aws_appautoscaling_target",
      "name": "ecs_target",
      "provider": "provider[\"registry.terraform.io/hashicorp/aws\"]",
      "instances": [
        {
          "schema_version": 0,
          "attributes": {
            "id": "service/app-cluster/app-first-service",
            "max_capacity": 4,
            "min_capacity": 1,
            "resource_id": "service/app-cluster/app-first-service",
            "role_arn": "arn:aws:iam::108302758118:role/aws-service-role/ecs.application-autoscaling.amazonaws.com/AWSServiceRoleForApplicationAutoScaling_ECSService",
            "scalable_dimension": "ecs:service:DesiredCount",
            "service_namespace": "ecs"
          },
          "sensitive_attributes": [],
          "private": "bnVsbA==",
          "dependencies": [
            "aws_default_subnet.default_subnet_a",
            "aws_default_subnet.default_subnet_b",
            "aws_ecr_repository.app_ecr_repo",
            "aws_ecs_cluster.my_cluster",
            "aws_ecs_service.app_service",
            "aws_ecs_task_definition.app_task",
            "aws_iam_role.ecsTaskExecutionRole",
            "aws_lb_target_group.target_group",
            "aws_security_group.ecs_service_security_group",
            "data.aws_iam_policy_document.assume_role_policy"
          ]
        }
      ]
    },
    {
      "mode": "managed",
      "type": "aws_cloudwatch_log_group",
      "name": "log_group",
      "provider": "provider[\"registry.terraform.io/hashicorp/aws\"]",
      "instances": [
        {
          "schema_version": 0,
          "attributes": {
            "arn": "arn:aws:logs:eu-west-2:108302758118:log-group:/ecs/app-first-task",
            "id": "/ecs/app-first-task",
            "kms_key_id": "",
            "name": "/ecs/app-first-task",
            "name_prefix": "",
            "retention_in_days": 7,
            "skip_destroy": false,
            "tags": {
              "environment": "gurmel_annoying_locals",
              "name": "Log_Group_CreatedBy_Team1"
            },
            "tags_all": {
              "environment": "gurmel_annoying_locals",
              "name": "Log_Group_CreatedBy_Team1"
            }
          },
          "sensitive_attributes": [],
          "private": "bnVsbA==",
          "create_before_destroy": true
        }
      ]
    },
    {
      "mode": "managed",
      "type": "aws_cloudwatch_log_stream",
      "name": "log_stream",
      "provider": "provider[\"registry.terraform.io/hashicorp/aws\"]",
      "instances": [
        {
          "schema_version": 0,
          "attributes": {
            "arn": "arn:aws:logs:eu-west-2:108302758118:log-group:/ecs/app-first-task:log-stream:group1-log-stream",
            "id": "group1-log-stream",
            "log_group_name": "/ecs/app-first-task",
            "name": "group1-log-stream"
          },
          "sensitive_attributes": [],
          "private": "bnVsbA==",
          "dependencies": [
            "aws_cloudwatch_log_group.log_group"
          ],
          "create_before_destroy": true
        }
      ]
    },
    {
      "mode": "managed",
      "type": "aws_cloudwatch_metric_alarm",
      "name": "group1-monitoring",
      "provider": "provider[\"registry.terraform.io/hashicorp/aws\"]",
      "instances": [
        {
          "schema_version": 1,
          "attributes": {
            "actions_enabled": true,
            "alarm_actions": [],
            "alarm_description": "This metric monitors ECS CPU utilization",
            "alarm_name": "group1-alarm",
            "arn": "arn:aws:cloudwatch:eu-west-2:108302758118:alarm:group1-alarm",
            "comparison_operator": "GreaterThanOrEqualToThreshold",
            "datapoints_to_alarm": 0,
            "dimensions": {},
            "evaluate_low_sample_count_percentiles": "",
            "evaluation_periods": 2,
            "extended_statistic": "",
            "id": "group1-alarm",
            "insufficient_data_actions": [],
            "metric_name": "CPUUtilization",
            "metric_query": [],
            "namespace": "AWS/ECS",
            "ok_actions": [],
            "period": 120,
            "statistic": "Average",
            "tags": {
              "environment": "gurmel_canoeing_without_lifejacket",
              "name": "Alarm_CreatedBy_Team1"
            },
            "tags_all": {
              "environment": "gurmel_canoeing_without_lifejacket",
              "name": "Alarm_CreatedBy_Team1"
            },
            "threshold": 80,
            "threshold_metric_id": "",
            "treat_missing_data": "missing",
            "unit": ""
          },
          "sensitive_attributes": [],
          "private": "eyJzY2hlbWFfdmVyc2lvbiI6IjEifQ==",
          "create_before_destroy": true
        }
      ]
    },
    {
      "mode": "managed",
      "type": "aws_default_subnet",
      "name": "default_subnet_a",
      "provider": "provider[\"registry.terraform.io/hashicorp/aws\"]",
      "instances": [
        {
          "schema_version": 1,
          "attributes": {
            "arn": "arn:aws:ec2:eu-west-2:108302758118:subnet/subnet-0230a6d673efb9289",
            "assign_ipv6_address_on_creation": false,
            "availability_zone": "eu-west-2a",
            "availability_zone_id": "euw2-az2",
            "cidr_block": "172.31.16.0/20",
            "customer_owned_ipv4_pool": "",
            "enable_dns64": false,
            "enable_resource_name_dns_a_record_on_launch": false,
            "enable_resource_name_dns_aaaa_record_on_launch": false,
            "existing_default_subnet": true,
            "force_destroy": false,
            "id": "subnet-0230a6d673efb9289",
            "ipv6_cidr_block": "",
            "ipv6_cidr_block_association_id": "",
            "ipv6_native": false,
            "map_customer_owned_ip_on_launch": false,
            "map_public_ip_on_launch": true,
            "outpost_arn": "",
            "owner_id": "108302758118",
            "private_dns_hostname_type_on_launch": "ip-name",
            "tags": {},
            "tags_all": {},
            "timeouts": null,
            "vpc_id": "vpc-0667af4bde3c7f997"
          },
          "sensitive_attributes": [],
          "private": "eyJlMmJmYjczMC1lY2FhLTExZTYtOGY4OC0zNDM2M2JjN2M0YzAiOnsiY3JlYXRlIjo2MDAwMDAwMDAwMDAsImRlbGV0ZSI6MTIwMDAwMDAwMDAwMH0sInNjaGVtYV92ZXJzaW9uIjoiMSJ9",
          "create_before_destroy": true
        }
      ]
    },
    {
      "mode": "managed",
      "type": "aws_default_subnet",
      "name": "default_subnet_b",
      "provider": "provider[\"registry.terraform.io/hashicorp/aws\"]",
      "instances": [
        {
          "schema_version": 1,
          "attributes": {
            "arn": "arn:aws:ec2:eu-west-2:108302758118:subnet/subnet-0c4e1e766c3682670",
            "assign_ipv6_address_on_creation": false,
            "availability_zone": "eu-west-2b",
            "availability_zone_id": "euw2-az3",
            "cidr_block": "172.31.32.0/20",
            "customer_owned_ipv4_pool": "",
            "enable_dns64": false,
            "enable_resource_name_dns_a_record_on_launch": false,
            "enable_resource_name_dns_aaaa_record_on_launch": false,
            "existing_default_subnet": true,
            "force_destroy": false,
            "id": "subnet-0c4e1e766c3682670",
            "ipv6_cidr_block": "",
            "ipv6_cidr_block_association_id": "",
            "ipv6_native": false,
            "map_customer_owned_ip_on_launch": false,
            "map_public_ip_on_launch": true,
            "outpost_arn": "",
            "owner_id": "108302758118",
            "private_dns_hostname_type_on_launch": "ip-name",
            "tags": {},
            "tags_all": {},
            "timeouts": null,
            "vpc_id": "vpc-0667af4bde3c7f997"
          },
          "sensitive_attributes": [],
          "private": "eyJlMmJmYjczMC1lY2FhLTExZTYtOGY4OC0zNDM2M2JjN2M0YzAiOnsiY3JlYXRlIjo2MDAwMDAwMDAwMDAsImRlbGV0ZSI6MTIwMDAwMDAwMDAwMH0sInNjaGVtYV92ZXJzaW9uIjoiMSJ9",
          "create_before_destroy": true
        }
      ]
    },
    {
      "mode": "managed",
      "type": "aws_default_vpc",
      "name": "default_vpc",
      "provider": "provider[\"registry.terraform.io/hashicorp/aws\"]",
      "instances": [
        {
          "schema_version": 1,
          "attributes": {
            "arn": "arn:aws:ec2:eu-west-2:108302758118:vpc/vpc-0667af4bde3c7f997",
            "assign_generated_ipv6_cidr_block": false,
            "cidr_block": "172.31.0.0/16",
            "default_network_acl_id": "acl-0f2769c30d2858236",
            "default_route_table_id": "rtb-00307e85b2f2aabf4",
            "default_security_group_id": "sg-0ad9daa91ea9ef29f",
            "dhcp_options_id": "dopt-0312a20a50bb0ffa8",
            "enable_classiclink": false,
            "enable_classiclink_dns_support": false,
            "enable_dns_hostnames": true,
            "enable_dns_support": true,
            "enable_network_address_usage_metrics": true,
            "existing_default_vpc": true,
            "force_destroy": false,
            "id": "vpc-0667af4bde3c7f997",
            "instance_tenancy": "default",
            "ipv6_association_id": "",
            "ipv6_cidr_block": "",
            "ipv6_cidr_block_network_border_group": "",
            "ipv6_ipam_pool_id": "",
            "ipv6_netmask_length": 0,
            "main_route_table_id": "rtb-00307e85b2f2aabf4",
            "owner_id": "108302758118",
            "tags": {
              "environment": "gurmel_moonlighting_as_hungarian_translator",
              "name": "VPC_CreatedBy_Team1"
            },
            "tags_all": {
              "environment": "gurmel_moonlighting_as_hungarian_translator",
              "name": "VPC_CreatedBy_Team1"
            }
          },
          "sensitive_attributes": [],
          "private": "eyJzY2hlbWFfdmVyc2lvbiI6IjEifQ==",
          "create_before_destroy": true
        }
      ]
    },
    {
      "mode": "managed",
      "type": "aws_ecr_repository",
      "name": "app_ecr_repo",
      "provider": "provider[\"registry.terraform.io/hashicorp/aws\"]",
      "instances": [
        {
          "schema_version": 0,
          "attributes": {
            "arn": "arn:aws:ecr:eu-west-2:108302758118:repository/app-repo",
            "encryption_configuration": [
              {
                "encryption_type": "AES256",
                "kms_key": ""
              }
            ],
            "force_delete": null,
            "id": "app-repo",
            "image_scanning_configuration": [
              {
                "scan_on_push": false
              }
            ],
            "image_tag_mutability": "MUTABLE",
            "name": "app-repo",
            "registry_id": "108302758118",
            "repository_url": "108302758118.dkr.ecr.eu-west-2.amazonaws.com/app-repo",
            "tags": {
              "environment": "Gurmel_bellydancing_in_duty-free",
              "name": "ECR_CreatedBy_Team1"
            },
            "tags_all": {
              "environment": "Gurmel_bellydancing_in_duty-free",
              "name": "ECR_CreatedBy_Team1"
            },
            "timeouts": null
          },
          "sensitive_attributes": [],
          "private": "eyJlMmJmYjczMC1lY2FhLTExZTYtOGY4OC0zNDM2M2JjN2M0YzAiOnsiZGVsZXRlIjoxMjAwMDAwMDAwMDAwfX0=",
          "create_before_destroy": true
        }
      ]
    },
    {
      "mode": "managed",
      "type": "aws_ecs_cluster",
      "name": "my_cluster",
      "provider": "provider[\"registry.terraform.io/hashicorp/aws\"]",
      "instances": [
        {
          "schema_version": 0,
          "attributes": {
            "arn": "arn:aws:ecs:eu-west-2:108302758118:cluster/app-cluster",
            "capacity_providers": [],
            "configuration": [],
            "default_capacity_provider_strategy": [],
            "id": "arn:aws:ecs:eu-west-2:108302758118:cluster/app-cluster",
            "name": "app-cluster",
            "service_connect_defaults": [],
            "setting": [
              {
                "name": "containerInsights",
                "value": "disabled"
              }
            ],
            "tags": {
              "name": "ECS_CreatedBy_Team1"
            },
            "tags_all": {
              "name": "ECS_CreatedBy_Team1"
            }
          },
          "sensitive_attributes": [],
          "private": "bnVsbA==",
          "create_before_destroy": true
        }
      ]
    },
    {
      "mode": "managed",
      "type": "aws_ecs_service",
      "name": "app_service",
      "provider": "provider[\"registry.terraform.io/hashicorp/aws\"]",
      "instances": [
        {
          "schema_version": 0,
          "attributes": {
            "capacity_provider_strategy": [],
            "cluster": "arn:aws:ecs:eu-west-2:108302758118:cluster/app-cluster",
            "deployment_circuit_breaker": [
              {
                "enable": false,
                "rollback": false
              }
            ],
            "deployment_controller": [
              {
                "type": "ECS"
              }
            ],
            "deployment_maximum_percent": 200,
            "deployment_minimum_healthy_percent": 100,
            "desired_count": 3,
            "enable_ecs_managed_tags": false,
            "enable_execute_command": false,
            "force_new_deployment": null,
            "health_check_grace_period_seconds": 0,
            "iam_role": "aws-service-role",
            "id": "arn:aws:ecs:eu-west-2:108302758118:service/app-cluster/app-first-service",
            "launch_type": "FARGATE",
            "load_balancer": [
              {
                "container_name": "app-first-task",
                "container_port": 5000,
                "elb_name": "",
                "target_group_arn": "arn:aws:elasticloadbalancing:eu-west-2:108302758118:targetgroup/target-group/7cbde59d163fa0f8"
              }
            ],
            "name": "app-first-service",
            "network_configuration": [
              {
                "assign_public_ip": true,
                "security_groups": [
                  "sg-0a441a61aff3a0d5e"
                ],
                "subnets": [
                  "subnet-0230a6d673efb9289",
                  "subnet-0c4e1e766c3682670"
                ]
              }
            ],
            "ordered_placement_strategy": [],
            "placement_constraints": [],
            "platform_version": "LATEST",
            "propagate_tags": "NONE",
            "scheduling_strategy": "REPLICA",
            "service_connect_configuration": [],
            "service_registries": [],
            "tags": null,
            "tags_all": {},
            "task_definition": "arn:aws:ecs:eu-west-2:108302758118:task-definition/app-first-task:7",
            "timeouts": null,
            "triggers": {},
            "wait_for_steady_state": false
          },
          "sensitive_attributes": [],
          "private": "eyJlMmJmYjczMC1lY2FhLTExZTYtOGY4OC0zNDM2M2JjN2M0YzAiOnsiY3JlYXRlIjoxMjAwMDAwMDAwMDAwLCJkZWxldGUiOjEyMDAwMDAwMDAwMDAsInVwZGF0ZSI6MTIwMDAwMDAwMDAwMH19",
          "dependencies": [
            "aws_default_subnet.default_subnet_a",
            "aws_default_subnet.default_subnet_b",
            "aws_ecr_repository.app_ecr_repo",
            "aws_ecs_cluster.my_cluster",
            "aws_ecs_task_definition.app_task",
            "aws_iam_role.ecsTaskExecutionRole",
            "aws_lb_target_group.target_group",
            "aws_security_group.ecs_service_security_group",
            "data.aws_iam_policy_document.assume_role_policy"
          ],
          "create_before_destroy": true
        }
      ]
    },
    {
      "mode": "managed",
      "type": "aws_ecs_task_definition",
      "name": "app_task",
      "provider": "provider[\"registry.terraform.io/hashicorp/aws\"]",
      "instances": [
        {
          "schema_version": 1,
          "attributes": {
            "arn": "arn:aws:ecs:eu-west-2:108302758118:task-definition/app-first-task:7",
            "container_definitions": "[{\"cpu\":256,\"environment\":[],\"essential\":true,\"image\":\"108302758118.dkr.ecr.eu-west-2.amazonaws.com/app-repo\",\"logConfiguration\":{\"logDriver\":\"awslogs\",\"options\":{\"awslogs-group\":\"/ecs/app-first-task\",\"awslogs-region\":\"eu-west-2\",\"awslogs-stream-prefix\":\"ecs\"}},\"memory\":512,\"mountPoints\":[],\"name\":\"app-first-task\",\"portMappings\":[{\"containerPort\":5000,\"hostPort\":5000,\"protocol\":\"tcp\"}],\"systemControls\":[],\"volumesFrom\":[]}]",
            "cpu": "256",
            "ephemeral_storage": [],
            "execution_role_arn": "arn:aws:iam::108302758118:role/ecsTaskExecutionRole",
            "family": "app-first-task",
            "id": "app-first-task",
            "inference_accelerator": [],
            "ipc_mode": "",
            "memory": "512",
            "network_mode": "awsvpc",
            "pid_mode": "",
            "placement_constraints": [],
            "proxy_configuration": [],
            "requires_compatibilities": [
              "FARGATE"
            ],
            "revision": 7,
            "runtime_platform": [],
            "skip_destroy": false,
            "tags": {
              "name": "ECS_TaskDefinition_CreatedBy_Team1"
            },
            "tags_all": {
              "name": "ECS_TaskDefinition_CreatedBy_Team1"
            },
            "task_role_arn": "",
            "volume": []
          },
          "sensitive_attributes": [],
          "private": "eyJzY2hlbWFfdmVyc2lvbiI6IjEifQ==",
          "dependencies": [
            "aws_ecr_repository.app_ecr_repo",
            "aws_iam_role.ecsTaskExecutionRole",
            "data.aws_iam_policy_document.assume_role_policy"
          ],
          "create_before_destroy": true
        }
      ]
    },
    {
      "mode": "managed",
      "type": "aws_iam_role",
      "name": "ecsTaskExecutionRole",
      "provider": "provider[\"registry.terraform.io/hashicorp/aws\"]",
      "instances": [
        {
          "schema_version": 0,
          "attributes": {
            "arn": "arn:aws:iam::108302758118:role/ecsTaskExecutionRole",
            "assume_role_policy": "{\"Statement\":[{\"Action\":\"sts:AssumeRole\",\"Effect\":\"Allow\",\"Principal\":{\"Service\":\"ecs-tasks.amazonaws.com\"},\"Sid\":\"\"}],\"Version\":\"2012-10-17\"}",
            "create_date": "2025-08-10T23:52:47Z",
            "description": "",
            "force_detach_policies": false,
            "id": "ecsTaskExecutionRole",
            "inline_policy": [],
            "managed_policy_arns": [],
            "max_session_duration": 3600,
            "name": "ecsTaskExecutionRole",
            "name_prefix": "",
            "path": "/",
            "permissions_boundary": null,
            "tags": {
              "name": "IAM_Role_CreatedBy_Team1"
            },
            "tags_all": {
              "name": "IAM_Role_CreatedBy_Team1"
            },
            "unique_id": "AROARSN2Y6DTHFDNELB7N"
          },
          "sensitive_attributes": [],
          "private": "bnVsbA==",
          "dependencies": [
            "data.aws_iam_policy_document.assume_role_policy"
          ],
          "create_before_destroy": true
        }
      ]
    },
    {
      "mode": "managed",
      "type": "aws_iam_role_policy_attachment",
      "name": "ecsTaskExecutionRole_policy",
      "provider": "provider[\"registry.terraform.io/hashicorp/aws\"]",
      "instances": [
        {
          "schema_version": 0,
          "attributes": {
            "id": "ecsTaskExecutionRole-20250810235248356400000001",
            "policy_arn": "arn:aws:iam::aws:policy/service-role/AmazonECSTaskExecutionRolePolicy",
            "role": "ecsTaskExecutionRole"
          },
          "sensitive_attributes": [],
          "private": "bnVsbA==",
          "dependencies": [
            "aws_iam_role.ecsTaskExecutionRole",
            "data.aws_iam_policy_document.assume_role_policy"
          ]
        }
      ]
    },
    {
      "mode": "managed",
      "type": "aws_lb_listener",
      "name": "https",
      "provider": "provider[\"registry.terraform.io/hashicorp/aws\"]",
      "instances": [
        {
          "schema_version": 0,
          "attributes": {
            "alpn_policy": null,
            "arn": "arn:aws:elasticloadbalancing:eu-west-2:108302758118:listener/app/load-balancer-dev/e27607d2ac9cad65/80e0f5cfd165be45",
            "certificate_arn": "arn:aws:acm:eu-west-2:108302758118:certificate/0e7b4f75-c8df-4281-98d7-9438b339f27e",
            "default_action": [
              {
                "authenticate_cognito": [],
                "authenticate_oidc": [],
                "fixed_response": [],
                "forward": [],
                "order": 1,
                "redirect": [],
                "target_group_arn": "arn:aws:elasticloadbalancing:eu-west-2:108302758118:targetgroup/target-group/7cbde59d163fa0f8",
                "type": "forward"
              }
            ],
            "id": "arn:aws:elasticloadbalancing:eu-west-2:108302758118:listener/app/load-balancer-dev/e27607d2ac9cad65/80e0f5cfd165be45",
            "load_balancer_arn": "arn:aws:elasticloadbalancing:eu-west-2:108302758118:loadbalancer/app/load-balancer-dev/e27607d2ac9cad65",
            "port": 443,
            "protocol": "HTTPS",
            "ssl_policy": "ELBSecurityPolicy-2016-08",
            "tags": null,
            "tags_all": {},
            "timeouts": null
          },
          "sensitive_attributes": [],
          "private": "eyJlMmJmYjczMC1lY2FhLTExZTYtOGY4OC0zNDM2M2JjN2M0YzAiOnsicmVhZCI6NjAwMDAwMDAwMDAwfX0=",
          "dependencies": [
            "aws_acm_certificate.my-certificate",
            "aws_alb.application_load_balancer",
            "aws_lb_target_group.target_group"
          ]
        }
      ]
    },
    {
      "mode": "managed",
      "type": "aws_lb_listener",
      "name": "listener",
      "provider": "provider[\"registry.terraform.io/hashicorp/aws\"]",
      "instances": [
        {
          "schema_version": 0,
          "attributes": {
            "alpn_policy": null,
            "arn": "arn:aws:elasticloadbalancing:eu-west-2:108302758118:listener/app/load-balancer-dev/e27607d2ac9cad65/9ffe5ce4f1c1ca5d",
            "certificate_arn": null,
            "default_action": [
              {
                "authenticate_cognito": [],
                "authenticate_oidc": [],
                "fixed_response": [],
                "forward": [],
                "order": 1,
                "redirect": [],
                "target_group_arn": "arn:aws:elasticloadbalancing:eu-west-2:108302758118:targetgroup/target-group/7cbde59d163fa0f8",
                "type": "forward"
              }
            ],
            "id": "arn:aws:elasticloadbalancing:eu-west-2:108302758118:listener/app/load-balancer-dev/e27607d2ac9cad65/9ffe5ce4f1c1ca5d",
            "load_balancer_arn": "arn:aws:elasticloadbalancing:eu-west-2:108302758118:loadbalancer/app/load-balancer-dev/e27607d2ac9cad65",
            "port": 80,
            "protocol": "HTTP",
            "ssl_policy": "",
            "tags": null,
            "tags_all": {},
            "timeouts": null
          },
          "sensitive_attributes": [],
          "private": "eyJlMmJmYjczMC1lY2FhLTExZTYtOGY4OC0zNDM2M2JjN2M0YzAiOnsicmVhZCI6NjAwMDAwMDAwMDAwfX0=",
          "dependencies": [
            "aws_alb.application_load_balancer",
            "aws_lb_target_group.target_group"
          ]
        }
      ]
    },
    {
      "mode": "managed",
      "type": "aws_lb_target_group",
      "name": "target_group",
      "provider": "provider[\"registry.terraform.io/hashicorp/aws\"]",
      "instances": [
        {
          "schema_version": 0,
          "attributes": {
            "arn": "arn:aws:elasticloadbalancing:eu-west-2:108302758118:targetgroup/target-group/7cbde59d163fa0f8",
            "arn_suffix": "targetgroup/target-group/7cbde59d163fa0f8",
            "connection_termination": false,
            "deregistration_delay": "300",
            "health_check": [
              {
                "enabled": true,
                "healthy_threshold": 6,
                "interval": 5,
                "matcher": "200",
                "path": "/health",
                "port": "5000",
                "protocol": "HTTP",
                "timeout": 2,
                "unhealthy_threshold": 2
              }
            ],
            "id": "arn:aws:elasticloadbalancing:eu-west-2:108302758118:targetgroup/target-group/7cbde59d163fa0f8",
            "ip_address_type": "ipv4",
            "lambda_multi_value_headers_enabled": false,
            "load_balancing_algorithm_type": "round_robin",
            "name": "target-group",
            "name_prefix": null,
            "port": 5000,
            "preserve_client_ip": null,
            "protocol": "HTTP",
            "protocol_version": "HTTP1",
            "proxy_protocol_v2": false,
            "slow_start": 0,
            "stickiness": [
              {
                "cookie_duration": 86400,
                "cookie_name": "",
                "enabled": false,
                "type": "lb_cookie"
              }
            ],
            "tags": {},
            "tags_all": {},
            "target_failover": [
              {
                "on_deregistration": null,
                "on_unhealthy": null
              }
            ],
            "target_type": "ip",
            "vpc_id": "vpc-0667af4bde3c7f997"
          },
          "sensitive_attributes": [],
          "private": "bnVsbA==",
          "dependencies": [
            "aws_default_vpc.default_vpc"
          ],
          "create_before_destroy": true
        }
      ]
    },
    {
      "mode": "managed",
      "type": "aws_s3_bucket",
      "name": "team_one_s3",
      "provider": "provider[\"registry.terraform.io/hashicorp/aws\"]",
      "instances": [
        {
          "schema_version": 0,
          "attributes": {
            "acceleration_status": "",
            "acl": null,
            "arn": "arn:aws:s3:::gus-is-the-best",
            "bucket": "gus-is-the-best",
            "bucket_domain_name": "gus-is-the-best.s3.amazonaws.com",
            "bucket_prefix": null,
            "bucket_regional_domain_name": "gus-is-the-best.s3.eu-west-2.amazonaws.com",
            "cors_rule": [],
            "force_destroy": false,
            "grant": [
              {
                "id": "e40c9182ff66252d6cafde49c1269dbcddffb631d72e97b99885161ad6faff27",
                "permissions": [
                  "FULL_CONTROL"
                ],
                "type": "CanonicalUser",
                "uri": ""
              }
            ],
            "hosted_zone_id": "Z3GKZC51ZF0DB4",
            "id": "gus-is-the-best",
            "lifecycle_rule": [],
            "logging": [],
            "object_lock_configuration": [],
            "object_lock_enabled": false,
            "policy": "",
            "region": "eu-west-2",
            "replication_configuration": [],
            "request_payer": "BucketOwner",
            "server_side_encryption_configuration": [
              {
                "rule": [
                  {
                    "apply_server_side_encryption_by_default": [
                      {
                        "kms_master_key_id": "",
                        "sse_algorithm": "AES256"
                      }
                    ],
                    "bucket_key_enabled": false
                  }
                ]
              }
            ],
            "tags": {
              "Name": "Bucket_CreatedBy_Team1",
              "environment": "gurmel_at_karoke"
            },
            "tags_all": {
              "Name": "Bucket_CreatedBy_Team1",
              "environment": "gurmel_at_karoke"
            },
            "timeouts": null,
            "versioning": [
              {
                "enabled": false,
                "mfa_delete": false
              }
            ],
            "website": [],
            "website_domain": null,
            "website_endpoint": null
          },
          "sensitive_attributes": [],
          "private": "eyJlMmJmYjczMC1lY2FhLTExZTYtOGY4OC0zNDM2M2JjN2M0YzAiOnsiY3JlYXRlIjoxMjAwMDAwMDAwMDAwLCJkZWxldGUiOjM2MDAwMDAwMDAwMDAsInJlYWQiOjEyMDAwMDAwMDAwMDAsInVwZGF0ZSI6MTIwMDAwMDAwMDAwMH19"
        }
      ]
    },
    {
      "mode": "managed",
      "type": "aws_security_group",
      "name": "ecs_service_security_group",
      "provider": "provider[\"registry.terraform.io/hashicorp/aws\"]",
      "instances": [
        {
          "schema_version": 1,
          "attributes": {
            "arn": "arn:aws:ec2:eu-west-2:108302758118:security-group/sg-0a441a61aff3a0d5e",
            "description": "Managed by Terraform",
            "egress": [
              {
                "cidr_blocks": [
                  "0.0.0.0/0"
                ],
                "description": "",
                "from_port": 0,
                "ipv6_cidr_blocks": [],
                "prefix_list_ids": [],
                "protocol": "-1",
                "security_groups": [],
                "self": false,
                "to_port": 0
              }
            ],
            "id": "sg-0a441a61aff3a0d5e",
            "ingress": [
              {
                "cidr_blocks": [],
                "description": "",
                "from_port": 0,
                "ipv6_cidr_blocks": [],
                "prefix_list_ids": [],
                "protocol": "-1",
                "security_groups": [
                  "sg-0b72d87fa8c836b28"
                ],
                "self": false,
                "to_port": 0
              }
            ],
            "name": "terraform-20250810234848908400000002",
            "name_prefix": "terraform-",
            "owner_id": "108302758118",
            "revoke_rules_on_delete": false,
            "tags": {
              "environment": "gurmel_horseback_riding",
              "name": "ECS_Security_Group_CreatedBy_Team1"
            },
            "tags_all": {
              "environment": "gurmel_horseback_riding",
              "name": "ECS_Security_Group_CreatedBy_Team1"
            },
            "timeouts": null,
            "vpc_id": "vpc-0667af4bde3c7f997"
          },
          "sensitive_attributes": [],
          "private": "eyJlMmJmYjczMC1lY2FhLTExZTYtOGY4OC0zNDM2M2JjN2M0YzAiOnsiY3JlYXRlIjo2MDAwMDAwMDAwMDAsImRlbGV0ZSI6OTAwMDAwMDAwMDAwfSwic2NoZW1hX3ZlcnNpb24iOiIxIn0=",
          "dependencies": [
            "aws_security_group.load_balancer_security_group"
          ],
          "create_before_destroy": true
        }
      ]
    },
    {
      "mode": "managed",
      "type": "aws_security_group",
      "name": "load_balancer_security_group",
      "provider": "provider[\"registry.terraform.io/hashicorp/aws\"]",
      "instances": [
        {
          "schema_version": 1,
          "attributes": {
            "arn": "arn:aws:ec2:eu-west-2:108302758118:security-group/sg-0b72d87fa8c836b28",
            "description": "Managed by Terraform",
            "egress": [
              {
                "cidr_blocks": [
                  "0.0.0.0/0"
                ],
                "description": "",
                "from_port": 0,
                "ipv6_cidr_blocks": [],
                "prefix_list_ids": [],
                "protocol": "-1",
                "security_groups": [],
                "self": false,
                "to_port": 0
              }
            ],
            "id": "sg-0b72d87fa8c836b28",
            "ingress": [
              {
                "cidr_blocks": [
                  "0.0.0.0/0"
                ],
                "description": "",
                "from_port": 443,
                "ipv6_cidr_blocks": [],
                "prefix_list_ids": [],
                "protocol": "tcp",
                "security_groups": [],
                "self": false,
                "to_port": 443
              },
              {
                "cidr_blocks": [
                  "0.0.0.0/0"
                ],
                "description": "",
                "from_port": 80,
                "ipv6_cidr_blocks": [],
                "prefix_list_ids": [],
                "protocol": "tcp",
                "security_groups": [],
                "self": false,
                "to_port": 80
              }
            ],
            "name": "terraform-20250810234846607600000001",
            "name_prefix": "terraform-",
            "owner_id": "108302758118",
            "revoke_rules_on_delete": false,
            "tags": {},
            "tags_all": {},
            "timeouts": null,
            "vpc_id": "vpc-0667af4bde3c7f997"
          },
          "sensitive_attributes": [],
          "private": "eyJlMmJmYjczMC1lY2FhLTExZTYtOGY4OC0zNDM2M2JjN2M0YzAiOnsiY3JlYXRlIjo2MDAwMDAwMDAwMDAsImRlbGV0ZSI6OTAwMDAwMDAwMDAwfSwic2NoZW1hX3ZlcnNpb24iOiIxIn0=",
          "create_before_destroy": true
        }
      ]
    }
  ],
  "check_results": null
}
